// !$*UTF8*$!
{
	archiveVersion = 1;
	classes = {
	};
	objectVersion = 55;
	objects = {

/* Begin PBXBuildFile section */
		280A968C289B0C900091072B /* TweetFilterViewModel.swift in Sources */ = {isa = PBXBuildFile; fileRef = 280A968B289B0C900091072B /* TweetFilterViewModel.swift */; };
		28335AB9288A795C004EB88D /* FeedView.swift in Sources */ = {isa = PBXBuildFile; fileRef = 28335AB8288A795C004EB88D /* FeedView.swift */; };
		28335ABC288A7AC5004EB88D /* TweetsRowView.swift in Sources */ = {isa = PBXBuildFile; fileRef = 28335ABB288A7AC5004EB88D /* TweetsRowView.swift */; };
		28335ABF288A8038004EB88D /* MainTabView.swift in Sources */ = {isa = PBXBuildFile; fileRef = 28335ABE288A8038004EB88D /* MainTabView.swift */; };
		28335AC5288A81F0004EB88D /* ExploreView.swift in Sources */ = {isa = PBXBuildFile; fileRef = 28335AC4288A81F0004EB88D /* ExploreView.swift */; };
		28335AC7288A8207004EB88D /* NotificationsView.swift in Sources */ = {isa = PBXBuildFile; fileRef = 28335AC6288A8207004EB88D /* NotificationsView.swift */; };
		28335AC9288A8215004EB88D /* MessagesView.swift in Sources */ = {isa = PBXBuildFile; fileRef = 28335AC8288A8215004EB88D /* MessagesView.swift */; };
		28335ACD288A8325004EB88D /* ProfileView.swift in Sources */ = {isa = PBXBuildFile; fileRef = 28335ACC288A8325004EB88D /* ProfileView.swift */; };
		28817603288A76F30044C4FD /* TwitterCloneApp.swift in Sources */ = {isa = PBXBuildFile; fileRef = 28817602288A76F30044C4FD /* TwitterCloneApp.swift */; };
		28817605288A76F30044C4FD /* ContentView.swift in Sources */ = {isa = PBXBuildFile; fileRef = 28817604288A76F30044C4FD /* ContentView.swift */; };
		28817607288A76FB0044C4FD /* Assets.xcassets in Resources */ = {isa = PBXBuildFile; fileRef = 28817606288A76FB0044C4FD /* Assets.xcassets */; };
		2881760A288A76FB0044C4FD /* Preview Assets.xcassets in Resources */ = {isa = PBXBuildFile; fileRef = 28817609288A76FB0044C4FD /* Preview Assets.xcassets */; };
/* End PBXBuildFile section */

/* Begin PBXFileReference section */
		280A968B289B0C900091072B /* TweetFilterViewModel.swift */ = {isa = PBXFileReference; lastKnownFileType = sourcecode.swift; path = TweetFilterViewModel.swift; sourceTree = "<group>"; };
		28335AB8288A795C004EB88D /* FeedView.swift */ = {isa = PBXFileReference; lastKnownFileType = sourcecode.swift; path = FeedView.swift; sourceTree = "<group>"; };
		28335ABB288A7AC5004EB88D /* TweetsRowView.swift */ = {isa = PBXFileReference; lastKnownFileType = sourcecode.swift; path = TweetsRowView.swift; sourceTree = "<group>"; };
		28335ABE288A8038004EB88D /* MainTabView.swift */ = {isa = PBXFileReference; lastKnownFileType = sourcecode.swift; path = MainTabView.swift; sourceTree = "<group>"; };
		28335AC4288A81F0004EB88D /* ExploreView.swift */ = {isa = PBXFileReference; lastKnownFileType = sourcecode.swift; path = ExploreView.swift; sourceTree = "<group>"; };
		28335AC6288A8207004EB88D /* NotificationsView.swift */ = {isa = PBXFileReference; lastKnownFileType = sourcecode.swift; path = NotificationsView.swift; sourceTree = "<group>"; };
		28335AC8288A8215004EB88D /* MessagesView.swift */ = {isa = PBXFileReference; lastKnownFileType = sourcecode.swift; path = MessagesView.swift; sourceTree = "<group>"; };
		28335ACC288A8325004EB88D /* ProfileView.swift */ = {isa = PBXFileReference; lastKnownFileType = sourcecode.swift; path = ProfileView.swift; sourceTree = "<group>"; };
		288175FF288A76F30044C4FD /* TwitterClone.app */ = {isa = PBXFileReference; explicitFileType = wrapper.application; includeInIndex = 0; path = TwitterClone.app; sourceTree = BUILT_PRODUCTS_DIR; };
		28817602288A76F30044C4FD /* TwitterCloneApp.swift */ = {isa = PBXFileReference; lastKnownFileType = sourcecode.swift; path = TwitterCloneApp.swift; sourceTree = "<group>"; };
		28817604288A76F30044C4FD /* ContentView.swift */ = {isa = PBXFileReference; lastKnownFileType = sourcecode.swift; path = ContentView.swift; sourceTree = "<group>"; };
		28817606288A76FB0044C4FD /* Assets.xcassets */ = {isa = PBXFileReference; lastKnownFileType = folder.assetcatalog; path = Assets.xcassets; sourceTree = "<group>"; };
		28817609288A76FB0044C4FD /* Preview Assets.xcassets */ = {isa = PBXFileReference; lastKnownFileType = folder.assetcatalog; path = "Preview Assets.xcassets"; sourceTree = "<group>"; };
/* End PBXFileReference section */

/* Begin PBXFrameworksBuildPhase section */
		288175FC288A76F30044C4FD /* Frameworks */ = {
			isa = PBXFrameworksBuildPhase;
			buildActionMask = 2147483647;
			files = (
			);
			runOnlyForDeploymentPostprocessing = 0;
		};
/* End PBXFrameworksBuildPhase section */

/* Begin PBXGroup section */
		28335AAF288A7884004EB88D /* Model */ = {
			isa = PBXGroup;
			children = (
			);
			path = Model;
			sourceTree = "<group>";
		};
		28335AB1288A789C004EB88D /* Extensions */ = {
			isa = PBXGroup;
			children = (
			);
			path = Extensions;
			sourceTree = "<group>";
		};
		28335AB2288A789E004EB88D /* Core */ = {
			isa = PBXGroup;
			children = (
				28335AB5288A78EB004EB88D /* Components */,
				28335AC3288A81CC004EB88D /* Profile */,
				28335AC2288A81B6004EB88D /* Explore */,
				28335AC1288A81B4004EB88D /* Notifications */,
				28335AC0288A81AE004EB88D /* Messages */,
				28335ABD288A8027004EB88D /* MainTab */,
				28335AB4288A78E5004EB88D /* Feed */,
			);
			path = Core;
			sourceTree = "<group>";
		};
		28335AB3288A78A1004EB88D /* Service */ = {
			isa = PBXGroup;
			children = (
			);
			path = Service;
			sourceTree = "<group>";
		};
		28335AB4288A78E5004EB88D /* Feed */ = {
			isa = PBXGroup;
			children = (
				28335AB7288A7928004EB88D /* View */,
				28335AB6288A7922004EB88D /* ViewModels */,
			);
			path = Feed;
			sourceTree = "<group>";
		};
		28335AB5288A78EB004EB88D /* Components */ = {
			isa = PBXGroup;
			children = (
				28335ABA288A7A92004EB88D /* Tweets */,
			);
			path = Components;
			sourceTree = "<group>";
		};
		28335AB6288A7922004EB88D /* ViewModels */ = {
			isa = PBXGroup;
			children = (
			);
			path = ViewModels;
			sourceTree = "<group>";
		};
		28335AB7288A7928004EB88D /* View */ = {
			isa = PBXGroup;
			children = (
				28335AB8288A795C004EB88D /* FeedView.swift */,
			);
			path = View;
			sourceTree = "<group>";
		};
		28335ABA288A7A92004EB88D /* Tweets */ = {
			isa = PBXGroup;
			children = (
				28335ABB288A7AC5004EB88D /* TweetsRowView.swift */,
			);
			path = Tweets;
			sourceTree = "<group>";
		};
		28335ABD288A8027004EB88D /* MainTab */ = {
			isa = PBXGroup;
			children = (
				28335ABE288A8038004EB88D /* MainTabView.swift */,
			);
			path = MainTab;
			sourceTree = "<group>";
		};
		28335AC0288A81AE004EB88D /* Messages */ = {
			isa = PBXGroup;
			children = (
				28335AC8288A8215004EB88D /* MessagesView.swift */,
			);
			path = Messages;
			sourceTree = "<group>";
		};
		28335AC1288A81B4004EB88D /* Notifications */ = {
			isa = PBXGroup;
			children = (
				28335AC6288A8207004EB88D /* NotificationsView.swift */,
			);
			path = Notifications;
			sourceTree = "<group>";
		};
		28335AC2288A81B6004EB88D /* Explore */ = {
			isa = PBXGroup;
			children = (
				28335AC4288A81F0004EB88D /* ExploreView.swift */,
			);
			path = Explore;
			sourceTree = "<group>";
		};
		28335AC3288A81CC004EB88D /* Profile */ = {
			isa = PBXGroup;
			children = (
				28335ACB288A8311004EB88D /* Views */,
				28335ACA288A8308004EB88D /* ViewModels */,
			);
			path = Profile;
			sourceTree = "<group>";
		};
		28335ACA288A8308004EB88D /* ViewModels */ = {
			isa = PBXGroup;
			children = (
				280A968B289B0C900091072B /* TweetFilterViewModel.swift */,
			);
			path = ViewModels;
			sourceTree = "<group>";
		};
		28335ACB288A8311004EB88D /* Views */ = {
			isa = PBXGroup;
			children = (
				28335ACC288A8325004EB88D /* ProfileView.swift */,
			);
			path = Views;
			sourceTree = "<group>";
		};
		288175F6288A76F30044C4FD = {
			isa = PBXGroup;
			children = (
				28817601288A76F30044C4FD /* TwitterClone */,
				28817600288A76F30044C4FD /* Products */,
			);
			sourceTree = "<group>";
		};
		28817600288A76F30044C4FD /* Products */ = {
			isa = PBXGroup;
			children = (
				288175FF288A76F30044C4FD /* TwitterClone.app */,
			);
			name = Products;
			sourceTree = "<group>";
		};
		28817601288A76F30044C4FD /* TwitterClone */ = {
			isa = PBXGroup;
			children = (
				28335AB3288A78A1004EB88D /* Service */,
				28335AB2288A789E004EB88D /* Core */,
				28335AB1288A789C004EB88D /* Extensions */,
				28335AAF288A7884004EB88D /* Model */,
				28817602288A76F30044C4FD /* TwitterCloneApp.swift */,
				28817604288A76F30044C4FD /* ContentView.swift */,
				28817606288A76FB0044C4FD /* Assets.xcassets */,
				28817608288A76FB0044C4FD /* Preview Content */,
			);
			path = TwitterClone;
			sourceTree = "<group>";
		};
		28817608288A76FB0044C4FD /* Preview Content */ = {
			isa = PBXGroup;
			children = (
				28817609288A76FB0044C4FD /* Preview Assets.xcassets */,
			);
			path = "Preview Content";
			sourceTree = "<group>";
		};
/* End PBXGroup section */

/* Begin PBXNativeTarget section */
		288175FE288A76F30044C4FD /* TwitterClone */ = {
			isa = PBXNativeTarget;
			buildConfigurationList = 2881760D288A76FB0044C4FD /* Build configuration list for PBXNativeTarget "TwitterClone" */;
			buildPhases = (
				288175FB288A76F30044C4FD /* Sources */,
				288175FC288A76F30044C4FD /* Frameworks */,
				288175FD288A76F30044C4FD /* Resources */,
			);
			buildRules = (
			);
			dependencies = (
			);
			name = TwitterClone;
			productName = TwitterClone;
			productReference = 288175FF288A76F30044C4FD /* TwitterClone.app */;
			productType = "com.apple.product-type.application";
		};
/* End PBXNativeTarget section */

/* Begin PBXProject section */
		288175F7288A76F30044C4FD /* Project object */ = {
			isa = PBXProject;
			attributes = {
				BuildIndependentTargetsInParallel = 1;
				LastSwiftUpdateCheck = 1340;
				LastUpgradeCheck = 1340;
				TargetAttributes = {
					288175FE288A76F30044C4FD = {
						CreatedOnToolsVersion = 13.4.1;
					};
				};
			};
			buildConfigurationList = 288175FA288A76F30044C4FD /* Build configuration list for PBXProject "TwitterClone" */;
			compatibilityVersion = "Xcode 13.0";
			developmentRegion = en;
			hasScannedForEncodings = 0;
			knownRegions = (
				en,
				Base,
			);
			mainGroup = 288175F6288A76F30044C4FD;
			productRefGroup = 28817600288A76F30044C4FD /* Products */;
			projectDirPath = "";
			projectRoot = "";
			targets = (
				288175FE288A76F30044C4FD /* TwitterClone */,
			);
		};
/* End PBXProject section */

/* Begin PBXResourcesBuildPhase section */
		288175FD288A76F30044C4FD /* Resources */ = {
			isa = PBXResourcesBuildPhase;
			buildActionMask = 2147483647;
			files = (
				2881760A288A76FB0044C4FD /* Preview Assets.xcassets in Resources */,
				28817607288A76FB0044C4FD /* Assets.xcassets in Resources */,
			);
			runOnlyForDeploymentPostprocessing = 0;
		};
/* End PBXResourcesBuildPhase section */

/* Begin PBXSourcesBuildPhase section */
		288175FB288A76F30044C4FD /* Sources */ = {
			isa = PBXSourcesBuildPhase;
			buildActionMask = 2147483647;
			files = (
				28335AC9288A8215004EB88D /* MessagesView.swift in Sources */,
				28335ACD288A8325004EB88D /* ProfileView.swift in Sources */,
				28817605288A76F30044C4FD /* ContentView.swift in Sources */,
				28335ABC288A7AC5004EB88D /* TweetsRowView.swift in Sources */,
				28335AB9288A795C004EB88D /* FeedView.swift in Sources */,
				28817603288A76F30044C4FD /* TwitterCloneApp.swift in Sources */,
				28335AC5288A81F0004EB88D /* ExploreView.swift in Sources */,
				280A968C289B0C900091072B /* TweetFilterViewModel.swift in Sources */,
				28335ABF288A8038004EB88D /* MainTabView.swift in Sources */,
				28335AC7288A8207004EB88D /* NotificationsView.swift in Sources */,
			);
			runOnlyForDeploymentPostprocessing = 0;
		};
/* End PBXSourcesBuildPhase section */

/* Begin XCBuildConfiguration section */
		2881760B288A76FB0044C4FD /* Debug */ = {
			isa = XCBuildConfiguration;
			buildSettings = {
				ALWAYS_SEARCH_USER_PATHS = NO;
				CLANG_ANALYZER_NONNULL = YES;
				CLANG_ANALYZER_NUMBER_OBJECT_CONVERSION = YES_AGGRESSIVE;
				CLANG_CXX_LANGUAGE_STANDARD = "gnu++17";
				CLANG_ENABLE_MODULES = YES;
				CLANG_ENABLE_OBJC_ARC = YES;
				CLANG_ENABLE_OBJC_WEAK = YES;
				CLANG_WARN_BLOCK_CAPTURE_AUTORELEASING = YES;
				CLANG_WARN_BOOL_CONVERSION = YES;
				CLANG_WARN_COMMA = YES;
				CLANG_WARN_CONSTANT_CONVERSION = YES;
				CLANG_WARN_DEPRECATED_OBJC_IMPLEMENTATIONS = YES;
				CLANG_WARN_DIRECT_OBJC_ISA_USAGE = YES_ERROR;
				CLANG_WARN_DOCUMENTATION_COMMENTS = YES;
				CLANG_WARN_EMPTY_BODY = YES;
				CLANG_WARN_ENUM_CONVERSION = YES;
				CLANG_WARN_INFINITE_RECURSION = YES;
				CLANG_WARN_INT_CONVERSION = YES;
				CLANG_WARN_NON_LITERAL_NULL_CONVERSION = YES;
				CLANG_WARN_OBJC_IMPLICIT_RETAIN_SELF = YES;
				CLANG_WARN_OBJC_LITERAL_CONVERSION = YES;
				CLANG_WARN_OBJC_ROOT_CLASS = YES_ERROR;
				CLANG_WARN_QUOTED_INCLUDE_IN_FRAMEWORK_HEADER = YES;
				CLANG_WARN_RANGE_LOOP_ANALYSIS = YES;
				CLANG_WARN_STRICT_PROTOTYPES = YES;
				CLANG_WARN_SUSPICIOUS_MOVE = YES;
				CLANG_WARN_UNGUARDED_AVAILABILITY = YES_AGGRESSIVE;
				CLANG_WARN_UNREACHABLE_CODE = YES;
				CLANG_WARN__DUPLICATE_METHOD_MATCH = YES;
				COPY_PHASE_STRIP = NO;
				DEBUG_INFORMATION_FORMAT = dwarf;
				ENABLE_STRICT_OBJC_MSGSEND = YES;
				ENABLE_TESTABILITY = YES;
				GCC_C_LANGUAGE_STANDARD = gnu11;
				GCC_DYNAMIC_NO_PIC = NO;
				GCC_NO_COMMON_BLOCKS = YES;
				GCC_OPTIMIZATION_LEVEL = 0;
				GCC_PREPROCESSOR_DEFINITIONS = (
					"DEBUG=1",
					"$(inherited)",
				);
				GCC_WARN_64_TO_32_BIT_CONVERSION = YES;
				GCC_WARN_ABOUT_RETURN_TYPE = YES_ERROR;
				GCC_WARN_UNDECLARED_SELECTOR = YES;
				GCC_WARN_UNINITIALIZED_AUTOS = YES_AGGRESSIVE;
				GCC_WARN_UNUSED_FUNCTION = YES;
				GCC_WARN_UNUSED_VARIABLE = YES;
				IPHONEOS_DEPLOYMENT_TARGET = 15.5;
				MTL_ENABLE_DEBUG_INFO = INCLUDE_SOURCE;
				MTL_FAST_MATH = YES;
				ONLY_ACTIVE_ARCH = YES;
				SDKROOT = iphoneos;
				SWIFT_ACTIVE_COMPILATION_CONDITIONS = DEBUG;
				SWIFT_OPTIMIZATION_LEVEL = "-Onone";
			};
			name = Debug;
		};
		2881760C288A76FB0044C4FD /* Release */ = {
			isa = XCBuildConfiguration;
			buildSettings = {
				ALWAYS_SEARCH_USER_PATHS = NO;
				CLANG_ANALYZER_NONNULL = YES;
				CLANG_ANALYZER_NUMBER_OBJECT_CONVERSION = YES_AGGRESSIVE;
				CLANG_CXX_LANGUAGE_STANDARD = "gnu++17";
				CLANG_ENABLE_MODULES = YES;
				CLANG_ENABLE_OBJC_ARC = YES;
				CLANG_ENABLE_OBJC_WEAK = YES;
				CLANG_WARN_BLOCK_CAPTURE_AUTORELEASING = YES;
				CLANG_WARN_BOOL_CONVERSION = YES;
				CLANG_WARN_COMMA = YES;
				CLANG_WARN_CONSTANT_CONVERSION = YES;
				CLANG_WARN_DEPRECATED_OBJC_IMPLEMENTATIONS = YES;
				CLANG_WARN_DIRECT_OBJC_ISA_USAGE = YES_ERROR;
				CLANG_WARN_DOCUMENTATION_COMMENTS = YES;
				CLANG_WARN_EMPTY_BODY = YES;
				CLANG_WARN_ENUM_CONVERSION = YES;
				CLANG_WARN_INFINITE_RECURSION = YES;
				CLANG_WARN_INT_CONVERSION = YES;
				CLANG_WARN_NON_LITERAL_NULL_CONVERSION = YES;
				CLANG_WARN_OBJC_IMPLICIT_RETAIN_SELF = YES;
				CLANG_WARN_OBJC_LITERAL_CONVERSION = YES;
				CLANG_WARN_OBJC_ROOT_CLASS = YES_ERROR;
				CLANG_WARN_QUOTED_INCLUDE_IN_FRAMEWORK_HEADER = YES;
				CLANG_WARN_RANGE_LOOP_ANALYSIS = YES;
				CLANG_WARN_STRICT_PROTOTYPES = YES;
				CLANG_WARN_SUSPICIOUS_MOVE = YES;
				CLANG_WARN_UNGUARDED_AVAILABILITY = YES_AGGRESSIVE;
				CLANG_WARN_UNREACHABLE_CODE = YES;
				CLANG_WARN__DUPLICATE_METHOD_MATCH = YES;
				COPY_PHASE_STRIP = NO;
				DEBUG_INFORMATION_FORMAT = "dwarf-with-dsym";
				ENABLE_NS_ASSERTIONS = NO;
				ENABLE_STRICT_OBJC_MSGSEND = YES;
				GCC_C_LANGUAGE_STANDARD = gnu11;
				GCC_NO_COMMON_BLOCKS = YES;
				GCC_WARN_64_TO_32_BIT_CONVERSION = YES;
				GCC_WARN_ABOUT_RETURN_TYPE = YES_ERROR;
				GCC_WARN_UNDECLARED_SELECTOR = YES;
				GCC_WARN_UNINITIALIZED_AUTOS = YES_AGGRESSIVE;
				GCC_WARN_UNUSED_FUNCTION = YES;
				GCC_WARN_UNUSED_VARIABLE = YES;
				IPHONEOS_DEPLOYMENT_TARGET = 15.5;
				MTL_ENABLE_DEBUG_INFO = NO;
				MTL_FAST_MATH = YES;
				SDKROOT = iphoneos;
				SWIFT_COMPILATION_MODE = wholemodule;
				SWIFT_OPTIMIZATION_LEVEL = "-O";
				VALIDATE_PRODUCT = YES;
			};
			name = Release;
		};
		2881760E288A76FB0044C4FD /* Debug */ = {
			isa = XCBuildConfiguration;
			buildSettings = {
				ASSETCATALOG_COMPILER_APPICON_NAME = AppIcon;
				ASSETCATALOG_COMPILER_GLOBAL_ACCENT_COLOR_NAME = AccentColor;
				CODE_SIGN_STYLE = Automatic;
				CURRENT_PROJECT_VERSION = 1;
				DEVELOPMENT_ASSET_PATHS = "\"TwitterClone/Preview Content\"";
				ENABLE_PREVIEWS = YES;
				GENERATE_INFOPLIST_FILE = YES;
				INFOPLIST_KEY_UIApplicationSceneManifest_Generation = YES;
				INFOPLIST_KEY_UIApplicationSupportsIndirectInputEvents = YES;
				INFOPLIST_KEY_UILaunchScreen_Generation = YES;
				INFOPLIST_KEY_UISupportedInterfaceOrientations_iPad = "UIInterfaceOrientationPortrait UIInterfaceOrientationPortraitUpsideDown UIInterfaceOrientationLandscapeLeft UIInterfaceOrientationLandscapeRight";
				INFOPLIST_KEY_UISupportedInterfaceOrientations_iPhone = "UIInterfaceOrientationPortrait UIInterfaceOrientationLandscapeLeft UIInterfaceOrientationLandscapeRight";
				LD_RUNPATH_SEARCH_PATHS = (
					"$(inherited)",
					"@executable_path/Frameworks",
				);
				MARKETING_VERSION = 1.0;
				PRODUCT_BUNDLE_IDENTIFIER = manutdbeast24.TwitterClone;
				PRODUCT_NAME = "$(TARGET_NAME)";
				SWIFT_EMIT_LOC_STRINGS = YES;
				SWIFT_VERSION = 5.0;
				TARGETED_DEVICE_FAMILY = "1,2";
			};
			name = Debug;
		};
		2881760F288A76FB0044C4FD /* Release */ = {
			isa = XCBuildConfiguration;
			buildSettings = {
				ASSETCATALOG_COMPILER_APPICON_NAME = AppIcon;
				ASSETCATALOG_COMPILER_GLOBAL_ACCENT_COLOR_NAME = AccentColor;
				CODE_SIGN_STYLE = Automatic;
				CURRENT_PROJECT_VERSION = 1;
				DEVELOPMENT_ASSET_PATHS = "\"TwitterClone/Preview Content\"";
				ENABLE_PREVIEWS = YES;
				GENERATE_INFOPLIST_FILE = YES;
				INFOPLIST_KEY_UIApplicationSceneManifest_Generation = YES;
				INFOPLIST_KEY_UIApplicationSupportsIndirectInputEvents = YES;
				INFOPLIST_KEY_UILaunchScreen_Generation = YES;
				INFOPLIST_KEY_UISupportedInterfaceOrientations_iPad = "UIInterfaceOrientationPortrait UIInterfaceOrientationPortraitUpsideDown UIInterfaceOrientationLandscapeLeft UIInterfaceOrientationLandscapeRight";
				INFOPLIST_KEY_UISupportedInterfaceOrientations_iPhone = "UIInterfaceOrientationPortrait UIInterfaceOrientationLandscapeLeft UIInterfaceOrientationLandscapeRight";
				LD_RUNPATH_SEARCH_PATHS = (
					"$(inherited)",
					"@executable_path/Frameworks",
				);
				MARKETING_VERSION = 1.0;
				PRODUCT_BUNDLE_IDENTIFIER = manutdbeast24.TwitterClone;
				PRODUCT_NAME = "$(TARGET_NAME)";
				SWIFT_EMIT_LOC_STRINGS = YES;
				SWIFT_VERSION = 5.0;
				TARGETED_DEVICE_FAMILY = "1,2";
			};
			name = Release;
		};
/* End XCBuildConfiguration section */

/* Begin XCConfigurationList section */
		288175FA288A76F30044C4FD /* Build configuration list for PBXProject "TwitterClone" */ = {
			isa = XCConfigurationList;
			buildConfigurations = (
				2881760B288A76FB0044C4FD /* Debug */,
				2881760C288A76FB0044C4FD /* Release */,
			);
			defaultConfigurationIsVisible = 0;
			defaultConfigurationName = Release;
		};
		2881760D288A76FB0044C4FD /* Build configuration list for PBXNativeTarget "TwitterClone" */ = {
			isa = XCConfigurationList;
			buildConfigurations = (
				2881760E288A76FB0044C4FD /* Debug */,
				2881760F288A76FB0044C4FD /* Release */,
			);
			defaultConfigurationIsVisible = 0;
			defaultConfigurationName = Release;
		};
/* End XCConfigurationList section */
	};
	rootObject = 288175F7288A76F30044C4FD /* Project object */;
}
